
Microsoft Visual Studio Solution File, Format Version 12.00
# Visual Studio Version 17
VisualStudioVersion = 17.3.32929.385
MinimumVisualStudioVersion = 10.0.40219.1
Project("{2150E333-8FDC-42A3-9474-1A3956D46DE8}") = "Kodlama.io", "Kodlama.io", "{A8CEFA18-FBA5-4638-A415-A216C53C2D15}"
EndProject
Project("{2150E333-8FDC-42A3-9474-1A3956D46DE8}") = "CorePackages", "CorePackages", "{4C9DDDDA-A07A-4146-9981-CFBEF6B89A2C}"
EndProject
Project("{2150E333-8FDC-42A3-9474-1A3956D46DE8}") = "src", "src", "{AE9CE2DA-BE5B-4188-A6E0-DD31CFB03E0E}"
EndProject
Project("{9A19103F-16F7-4668-BE54-9A1E7A4F7556}") = "Core.Application", "corePackages\Core.Application\Core.Application.csproj", "{BFB515D9-DD28-43C8-A9D7-B6F44F61D61E}"
EndProject
Project("{9A19103F-16F7-4668-BE54-9A1E7A4F7556}") = "Core.CrossCuttingConcerns", "corePackages\Core.CrossCuttingConcerns\Core.CrossCuttingConcerns.csproj", "{B56A1910-B9A3-4ED5-A93C-C470B29AE850}"
EndProject
Project("{9A19103F-16F7-4668-BE54-9A1E7A4F7556}") = "Core.ElasticSearch", "corePackages\Core.ElasticSearch\Core.ElasticSearch.csproj", "{36A471A5-955F-49B3-82DA-910381747243}"
EndProject
Project("{9A19103F-16F7-4668-BE54-9A1E7A4F7556}") = "Core.Mailing", "corePackages\Core.Mailing\Core.Mailing.csproj", "{2D0048D2-D185-484B-AC52-D827609811C5}"
EndProject
Project("{9A19103F-16F7-4668-BE54-9A1E7A4F7556}") = "Core.Persistence", "corePackages\Core.Persistence\Core.Persistence.csproj", "{240BBA47-4255-405A-AA4D-F8CC6E0FBA25}"
EndProject
Project("{9A19103F-16F7-4668-BE54-9A1E7A4F7556}") = "Core.Security", "corePackages\Core.Security\Core.Security.csproj", "{374BB65D-69C6-4537-9A0A-FF7025E7AB2D}"
EndProject
Project("{FAE04EC0-301F-11D3-BF4B-00C04F79EFBC}") = "Application", "kodlama.io\Application\Application.csproj", "{6556E88A-7D39-44DE-B01A-DC4AAF501345}"
EndProject
Project("{FAE04EC0-301F-11D3-BF4B-00C04F79EFBC}") = "Domain", "kodlama.io\Domain\Domain.csproj", "{D613FF01-6FA1-47EE-9E75-B06032F0C8BA}"
EndProject
Project("{FAE04EC0-301F-11D3-BF4B-00C04F79EFBC}") = "Infrastructure", "kodlama.io\Infrastructure\Infrastructure.csproj", "{7723A146-C002-4B05-BB4B-134E118D898F}"
EndProject
Project("{FAE04EC0-301F-11D3-BF4B-00C04F79EFBC}") = "WebAPI", "kodlama.io\WebAPI\WebAPI.csproj", "{10B306D8-B186-425E-89B2-1AFE782F0CBE}"
EndProject
Project("{FAE04EC0-301F-11D3-BF4B-00C04F79EFBC}") = "Persistence", "kodlama.io\Persistence\Persistence.csproj", "{59D82022-3C14-4BF3-9DB2-A7D20D149858}"
EndProject
Global
	GlobalSection(SolutionConfigurationPlatforms) = preSolution
		Debug|Any CPU = Debug|Any CPU
		Release|Any CPU = Release|Any CPU
	EndGlobalSection
	GlobalSection(ProjectConfigurationPlatforms) = postSolution
		{BFB515D9-DD28-43C8-A9D7-B6F44F61D61E}.Debug|Any CPU.ActiveCfg = Debug|Any CPU
		{BFB515D9-DD28-43C8-A9D7-B6F44F61D61E}.Debug|Any CPU.Build.0 = Debug|Any CPU
		{BFB515D9-DD28-43C8-A9D7-B6F44F61D61E}.Release|Any CPU.ActiveCfg = Release|Any CPU
		{BFB515D9-DD28-43C8-A9D7-B6F44F61D61E}.Release|Any CPU.Build.0 = Release|Any CPU
		{B56A1910-B9A3-4ED5-A93C-C470B29AE850}.Debug|Any CPU.ActiveCfg = Debug|Any CPU
		{B56A1910-B9A3-4ED5-A93C-C470B29AE850}.Debug|Any CPU.Build.0 = Debug|Any CPU
		{B56A1910-B9A3-4ED5-A93C-C470B29AE850}.Release|Any CPU.ActiveCfg = Release|Any CPU
		{B56A1910-B9A3-4ED5-A93C-C470B29AE850}.Release|Any CPU.Build.0 = Release|Any CPU
		{36A471A5-955F-49B3-82DA-910381747243}.Debug|Any CPU.ActiveCfg = Debug|Any CPU
		{36A471A5-955F-49B3-82DA-910381747243}.Debug|Any CPU.Build.0 = Debug|Any CPU
		{36A471A5-955F-49B3-82DA-910381747243}.Release|Any CPU.ActiveCfg = Release|Any CPU
		{36A471A5-955F-49B3-82DA-910381747243}.Release|Any CPU.Build.0 = Release|Any CPU
		{2D0048D2-D185-484B-AC52-D827609811C5}.Debug|Any CPU.ActiveCfg = Debug|Any CPU
		{2D0048D2-D185-484B-AC52-D827609811C5}.Debug|Any CPU.Build.0 = Debug|Any CPU
		{2D0048D2-D185-484B-AC52-D827609811C5}.Release|Any CPU.ActiveCfg = Release|Any CPU
		{2D0048D2-D185-484B-AC52-D827609811C5}.Release|Any CPU.Build.0 = Release|Any CPU
		{240BBA47-4255-405A-AA4D-F8CC6E0FBA25}.Debug|Any CPU.ActiveCfg = Debug|Any CPU
		{240BBA47-4255-405A-AA4D-F8CC6E0FBA25}.Debug|Any CPU.Build.0 = Debug|Any CPU
		{240BBA47-4255-405A-AA4D-F8CC6E0FBA25}.Release|Any CPU.ActiveCfg = Release|Any CPU
		{240BBA47-4255-405A-AA4D-F8CC6E0FBA25}.Release|Any CPU.Build.0 = Release|Any CPU
		{374BB65D-69C6-4537-9A0A-FF7025E7AB2D}.Debug|Any CPU.ActiveCfg = Debug|Any CPU
		{374BB65D-69C6-4537-9A0A-FF7025E7AB2D}.Debug|Any CPU.Build.0 = Debug|Any CPU
		{374BB65D-69C6-4537-9A0A-FF7025E7AB2D}.Release|Any CPU.ActiveCfg = Release|Any CPU
		{374BB65D-69C6-4537-9A0A-FF7025E7AB2D}.Release|Any CPU.Build.0 = Release|Any CPU
		{6556E88A-7D39-44DE-B01A-DC4AAF501345}.Debug|Any CPU.ActiveCfg = Debug|Any CPU
		{6556E88A-7D39-44DE-B01A-DC4AAF501345}.Debug|Any CPU.Build.0 = Debug|Any CPU
		{6556E88A-7D39-44DE-B01A-DC4AAF501345}.Release|Any CPU.ActiveCfg = Release|Any CPU
		{6556E88A-7D39-44DE-B01A-DC4AAF501345}.Release|Any CPU.Build.0 = Release|Any CPU
		{D613FF01-6FA1-47EE-9E75-B06032F0C8BA}.Debug|Any CPU.ActiveCfg = Debug|Any CPU
		{D613FF01-6FA1-47EE-9E75-B06032F0C8BA}.Debug|Any CPU.Build.0 = Debug|Any CPU
		{D613FF01-6FA1-47EE-9E75-B06032F0C8BA}.Release|Any CPU.ActiveCfg = Release|Any CPU
		{D613FF01-6FA1-47EE-9E75-B06032F0C8BA}.Release|Any CPU.Build.0 = Release|Any CPU
		{7723A146-C002-4B05-BB4B-134E118D898F}.Debug|Any CPU.ActiveCfg = Debug|Any CPU
		{7723A146-C002-4B05-BB4B-134E118D898F}.Debug|Any CPU.Build.0 = Debug|Any CPU
		{7723A146-C002-4B05-BB4B-134E118D898F}.Release|Any CPU.ActiveCfg = Release|Any CPU
		{7723A146-C002-4B05-BB4B-134E118D898F}.Release|Any CPU.Build.0 = Release|Any CPU
		{10B306D8-B186-425E-89B2-1AFE782F0CBE}.Debug|Any CPU.ActiveCfg = Debug|Any CPU
		{10B306D8-B186-425E-89B2-1AFE782F0CBE}.Debug|Any CPU.Build.0 = Debug|Any CPU
		{10B306D8-B186-425E-89B2-1AFE782F0CBE}.Release|Any CPU.ActiveCfg = Release|Any CPU
		{10B306D8-B186-425E-89B2-1AFE782F0CBE}.Release|Any CPU.Build.0 = Release|Any CPU
		{59D82022-3C14-4BF3-9DB2-A7D20D149858}.Debug|Any CPU.ActiveCfg = Debug|Any CPU
		{59D82022-3C14-4BF3-9DB2-A7D20D149858}.Debug|Any CPU.Build.0 = Debug|Any CPU
		{59D82022-3C14-4BF3-9DB2-A7D20D149858}.Release|Any CPU.ActiveCfg = Release|Any CPU
		{59D82022-3C14-4BF3-9DB2-A7D20D149858}.Release|Any CPU.Build.0 = Release|Any CPU
	EndGlobalSection
	GlobalSection(SolutionProperties) = preSolution
		HideSolutionNode = FALSE
	EndGlobalSection
	GlobalSection(NestedProjects) = preSolution
		{A8CEFA18-FBA5-4638-A415-A216C53C2D15} = {AE9CE2DA-BE5B-4188-A6E0-DD31CFB03E0E}
		{4C9DDDDA-A07A-4146-9981-CFBEF6B89A2C} = {AE9CE2DA-BE5B-4188-A6E0-DD31CFB03E0E}
		{BFB515D9-DD28-43C8-A9D7-B6F44F61D61E} = {4C9DDDDA-A07A-4146-9981-CFBEF6B89A2C}
		{B56A1910-B9A3-4ED5-A93C-C470B29AE850} = {4C9DDDDA-A07A-4146-9981-CFBEF6B89A2C}
		{36A471A5-955F-49B3-82DA-910381747243} = {4C9DDDDA-A07A-4146-9981-CFBEF6B89A2C}
		{2D0048D2-D185-484B-AC52-D827609811C5} = {4C9DDDDA-A07A-4146-9981-CFBEF6B89A2C}
		{240BBA47-4255-405A-AA4D-F8CC6E0FBA25} = {4C9DDDDA-A07A-4146-9981-CFBEF6B89A2C}
		{374BB65D-69C6-4537-9A0A-FF7025E7AB2D} = {4C9DDDDA-A07A-4146-9981-CFBEF6B89A2C}
		{6556E88A-7D39-44DE-B01A-DC4AAF501345} = {A8CEFA18-FBA5-4638-A415-A216C53C2D15}
		{D613FF01-6FA1-47EE-9E75-B06032F0C8BA} = {A8CEFA18-FBA5-4638-A415-A216C53C2D15}
		{7723A146-C002-4B05-BB4B-134E118D898F} = {A8CEFA18-FBA5-4638-A415-A216C53C2D15}
		{10B306D8-B186-425E-89B2-1AFE782F0CBE} = {A8CEFA18-FBA5-4638-A415-A216C53C2D15}
		{59D82022-3C14-4BF3-9DB2-A7D20D149858} = {A8CEFA18-FBA5-4638-A415-A216C53C2D15}
	EndGlobalSection
	GlobalSection(ExtensibilityGlobals) = postSolution
		SolutionGuid = {C5384D69-38D4-4DFD-B43F-13BB5A468C12}
	EndGlobalSection
EndGlobal
